lockfileVersion: '9.0'

settings:
  autoInstallPeers: true
  excludeLinksFromLockfile: false

importers:

  .:
    dependencies:
      '@modelcontextprotocol/node':
        specifier: 2.1.1
        version: 2.1.1(@modelcontextprotocol/server@2.3.1)
      '@modelcontextprotocol/server':
        specifier: 2.3.1
        version: 2.3.1
      jose:
        specifier: 6.2.12
        version: 6.2.12
      zod:
        specifier: 4.6.5
        version: 4.6.5

packages:

  '@hono/node-server@1.19.17':
    resolution: {integrity: sha512-dSneS5qhiauZWGDCeK4o695Xd9nUNjviSZCMQrj10eetr8Uln1ucn6bbphOM6UynAMMtNIzZNSpL9vnASJwrPQ==}
    engines: {node: '>=18.14.1'}
    peerDependencies:
      hono: ^4

  '@modelcontextprotocol/core@2.3.1':
    resolution: {integrity: sha512-laVmIhPGpWi7rG9q+0UigblRN0Hws/Yjlb6qLFtVqryXVLkc4h+yN8z731POD2LnAGQlFe7/tXhUm7Bi0YB91g==}
    engines: {node: '>=20'}

  '@modelcontextprotocol/node@2.1.1':
    resolution: {integrity: sha512-EY92OAXN2xYL7tNS/MVsWJW1v8VHAPwl9B4Ca3pCrjmvqyC+S1C/6UHsMxF2GoFPraS5Yyg56vFz9brVpFojMA==}
    engines: {node: '>=20'}
    peerDependencies:
      '@modelcontextprotocol/server': ^2.3.0

  '@modelcontextprotocol/server@2.3.1':
    resolution: {integrity: sha512-e59MfWuSssj6DoQ96JCTqdW1AXT5/XtnTl0WWd6MU1Ka434fFUGGosCLJbGNySDhHGvxQWoRWK137FXYFkYNWw==}
    engines: {node: '>=20'}

  hono@4.13.13:
    resolution: {integrity: sha512-CQ46U0ZkAGmbT/4UxdzzGJpacP2IeKgY4a5/tOI9AABbpOMfK739wfDXmv1usCk+3RkKj1hQy4/fjhiwa2xlrA==}
    engines: {node: '>=16.9.0'}

  jose@6.2.12:
    resolution: {integrity: sha512-9NiFmJEex0sy2Dk58j2UGBSHgUs2ypF9eZSu4L6vjOX3Dp96Sw1F3uL+H+D1sx02jZZdzUT0HgvCy59CuvXcWw==}

  zod@4.6.5:
    resolution: {integrity: sha512-v5l/aFXZQeai4awLbOpSoHecE9UiMrnfx75tEXLjNonXVARxQ5mOeipTjROUchszUNCqnE+hqAMujRsRHsut2Q==}

snapshots:

  '@hono/node-server@1.19.17(hono@4.13.13)':
    dependencies:
      hono: 4.13.13

  '@modelcontextprotocol/core@2.3.1':
    dependencies:
      zod: 4.6.5

  '@modelcontextprotocol/node@2.1.1(@modelcontextprotocol/server@2.3.1)':
    dependencies:
      '@hono/node-server': 1.19.17(hono@4.13.13)
      '@modelcontextprotocol/server': 2.3.1
      hono: 4.13.13

  '@modelcontextprotocol/server@2.3.1':
    dependencies:
      '@modelcontextprotocol/core': 2.3.1
      zod: 4.6.5

  hono@4.13.13: {}

  jose@6.2.12: {}

  zod@4.6.5: {}
